// !$*UTF8*$!
{
	archiveVersion = 1;
	classes = {
	};
	objectVersion = 56;
	objects = {

/* Begin PBXBuildFile section */
		7C52EBC229226955000BE6D6 /* AppDelegate.swift in Sources */ = {isa = PBXBuildFile; fileRef = 7C52EBC129226955000BE6D6 /* AppDelegate.swift */; };
		7C52EBC429226955000BE6D6 /* ViewController.swift in Sources */ = {isa = PBXBuildFile; fileRef = 7C52EBC329226955000BE6D6 /* ViewController.swift */; };
		7C52EBC629226958000BE6D6 /* Assets.xcassets in Resources */ = {isa = PBXBuildFile; fileRef = 7C52EBC529226958000BE6D6 /* Assets.xcassets */; };
		7C52EBC929226958000BE6D6 /* Main.storyboard in Resources */ = {isa = PBXBuildFile; fileRef = 7C52EBC729226958000BE6D6 /* Main.storyboard */; };
		7C52EBD22922698B000BE6D6 /* Cocoa.framework in Frameworks */ = {isa = PBXBuildFile; fileRef = 7C52EBD12922698B000BE6D6 /* Cocoa.framework */; };
		7C52EBDC292269CE000BE6D6 /* XPCService.swift in Sources */ = {isa = PBXBuildFile; fileRef = 7C52EBDB292269CE000BE6D6 /* XPCService.swift */; };
		7C52EBDE292269CE000BE6D6 /* main.swift in Sources */ = {isa = PBXBuildFile; fileRef = 7C52EBDD292269CE000BE6D6 /* main.swift */; };
		7C52EBE2292269CE000BE6D6 /* XPCService.xpc in Embed XPC Services */ = {isa = PBXBuildFile; fileRef = 7C52EBD7292269CE000BE6D6 /* XPCService.xpc */; settings = {ATTRIBUTES = (RemoveHeadersOnCopy, ); }; };
		7C52EBE8292269F4000BE6D6 /* Foundation.framework in Frameworks */ = {isa = PBXBuildFile; fileRef = 7C52EBE7292269F4000BE6D6 /* Foundation.framework */; };
		7C52EC1E292383E6000BE6D6 /* XPCServiceProtocol.swift in Sources */ = {isa = PBXBuildFile; fileRef = 7C52EC1B292383E6000BE6D6 /* XPCServiceProtocol.swift */; };
		7C52EC1F292383E6000BE6D6 /* ClientServiceProtocol.swift in Sources */ = {isa = PBXBuildFile; fileRef = 7C52EC1C292383E6000BE6D6 /* ClientServiceProtocol.swift */; };
		7C52EC20292383E6000BE6D6 /* FileItem.swift in Sources */ = {isa = PBXBuildFile; fileRef = 7C52EC1D292383E6000BE6D6 /* FileItem.swift */; };
		7C52EC2529238406000BE6D6 /* XPCServiceProtocol.swift in Sources */ = {isa = PBXBuildFile; fileRef = 7C52EC2229238406000BE6D6 /* XPCServiceProtocol.swift */; };
		7C52EC2629238406000BE6D6 /* ClientServiceProtocol.swift in Sources */ = {isa = PBXBuildFile; fileRef = 7C52EC2329238406000BE6D6 /* ClientServiceProtocol.swift */; };
		7C52EC2729238406000BE6D6 /* FileItem.swift in Sources */ = {isa = PBXBuildFile; fileRef = 7C52EC2429238406000BE6D6 /* FileItem.swift */; };
/* End PBXBuildFile section */

/* Begin PBXContainerItemProxy section */
		7C52EBE0292269CE000BE6D6 /* PBXContainerItemProxy */ = {
			isa = PBXContainerItemProxy;
			containerPortal = 7C52EBB629226955000BE6D6 /* Project object */;
			proxyType = 1;
			remoteGlobalIDString = 7C52EBD6292269CE000BE6D6;
			remoteInfo = XPCService;
		};
/* End PBXContainerItemProxy section */

/* Begin PBXCopyFilesBuildPhase section */
		7C52EBE6292269CE000BE6D6 /* Embed XPC Services */ = {
			isa = PBXCopyFilesBuildPhase;
			buildActionMask = 2147483647;
			dstPath = "$(CONTENTS_FOLDER_PATH)/XPCServices";
			dstSubfolderSpec = 16;
			files = (
				7C52EBE2292269CE000BE6D6 /* XPCService.xpc in Embed XPC Services */,
			);
			name = "Embed XPC Services";
			runOnlyForDeploymentPostprocessing = 0;
		};
/* End PBXCopyFilesBuildPhase section */

/* Begin PBXFileReference section */
		7C52EBBE29226955000BE6D6 /* XPCServiceApp.app */ = {isa = PBXFileReference; explicitFileType = wrapper.application; includeInIndex = 0; path = XPCServiceApp.app; sourceTree = BUILT_PRODUCTS_DIR; };
		7C52EBC129226955000BE6D6 /* AppDelegate.swift */ = {isa = PBXFileReference; lastKnownFileType = sourcecode.swift; path = AppDelegate.swift; sourceTree = "<group>"; };
		7C52EBC329226955000BE6D6 /* ViewController.swift */ = {isa = PBXFileReference; lastKnownFileType = sourcecode.swift; path = ViewController.swift; sourceTree = "<group>"; };
		7C52EBC529226958000BE6D6 /* Assets.xcassets */ = {isa = PBXFileReference; lastKnownFileType = folder.assetcatalog; path = Assets.xcassets; sourceTree = "<group>"; };
		7C52EBC829226958000BE6D6 /* Base */ = {isa = PBXFileReference; lastKnownFileType = file.storyboard; name = Base; path = Base.lproj/Main.storyboard; sourceTree = "<group>"; };
		7C52EBCA29226958000BE6D6 /* XPCServiceApp.entitlements */ = {isa = PBXFileReference; lastKnownFileType = text.plist.entitlements; path = XPCServiceApp.entitlements; sourceTree = "<group>"; };
		7C52EBD12922698B000BE6D6 /* Cocoa.framework */ = {isa = PBXFileReference; lastKnownFileType = wrapper.framework; name = Cocoa.framework; path = System/Library/Frameworks/Cocoa.framework; sourceTree = SDKROOT; };
		7C52EBD7292269CE000BE6D6 /* XPCService.xpc */ = {isa = PBXFileReference; explicitFileType = "wrapper.xpc-service"; includeInIndex = 0; path = XPCService.xpc; sourceTree = BUILT_PRODUCTS_DIR; };
		7C52EBDB292269CE000BE6D6 /* XPCService.swift */ = {isa = PBXFileReference; lastKnownFileType = sourcecode.swift; path = XPCService.swift; sourceTree = "<group>"; };
		7C52EBDD292269CE000BE6D6 /* main.swift */ = {isa = PBXFileReference; lastKnownFileType = sourcecode.swift; path = main.swift; sourceTree = "<group>"; };
		7C52EBDF292269CE000BE6D6 /* Info.plist */ = {isa = PBXFileReference; lastKnownFileType = text.plist.xml; path = Info.plist; sourceTree = "<group>"; };
		7C52EBE7292269F4000BE6D6 /* Foundation.framework */ = {isa = PBXFileReference; lastKnownFileType = wrapper.framework; name = Foundation.framework; path = System/Library/Frameworks/Foundation.framework; sourceTree = SDKROOT; };
		7C52EC1B292383E6000BE6D6 /* XPCServiceProtocol.swift */ = {isa = PBXFileReference; fileEncoding = 4; lastKnownFileType = sourcecode.swift; path = XPCServiceProtocol.swift; sourceTree = "<group>"; };
		7C52EC1C292383E6000BE6D6 /* ClientServiceProtocol.swift */ = {isa = PBXFileReference; fileEncoding = 4; lastKnownFileType = sourcecode.swift; path = ClientServiceProtocol.swift; sourceTree = "<group>"; };
		7C52EC1D292383E6000BE6D6 /* FileItem.swift */ = {isa = PBXFileReference; fileEncoding = 4; lastKnownFileType = sourcecode.swift; path = FileItem.swift; sourceTree = "<group>"; };
		7C52EC2229238406000BE6D6 /* XPCServiceProtocol.swift */ = {isa = PBXFileReference; fileEncoding = 4; lastKnownFileType = sourcecode.swift; path = XPCServiceProtocol.swift; sourceTree = "<group>"; };
		7C52EC2329238406000BE6D6 /* ClientServiceProtocol.swift */ = {isa = PBXFileReference; fileEncoding = 4; lastKnownFileType = sourcecode.swift; path = ClientServiceProtocol.swift; sourceTree = "<group>"; };
		7C52EC2429238406000BE6D6 /* FileItem.swift */ = {isa = PBXFileReference; fileEncoding = 4; lastKnownFileType = sourcecode.swift; path = FileItem.swift; sourceTree = "<group>"; };
		7C5BC76C29242AA2006CD5B8 /* XPCService.entitlements */ = {isa = PBXFileReference; lastKnownFileType = text.plist.entitlements; path = XPCService.entitlements; sourceTree = "<group>"; };
/* End PBXFileReference section */

/* Begin PBXFrameworksBuildPhase section */
		7C52EBBB29226955000BE6D6 /* Frameworks */ = {
			isa = PBXFrameworksBuildPhase;
			buildActionMask = 2147483647;
			files = (
				7C52EBD22922698B000BE6D6 /* Cocoa.framework in Frameworks */,
			);
			runOnlyForDeploymentPostprocessing = 0;
		};
		7C52EBD4292269CE000BE6D6 /* Frameworks */ = {
			isa = PBXFrameworksBuildPhase;
			buildActionMask = 2147483647;
			files = (
				7C52EBE8292269F4000BE6D6 /* Foundation.framework in Frameworks */,
			);
			runOnlyForDeploymentPostprocessing = 0;
		};
/* End PBXFrameworksBuildPhase section */

/* Begin PBXGroup section */
		7C52EBB529226955000BE6D6 = {
			isa = PBXGroup;
			children = (
				7C52EBC029226955000BE6D6 /* XPCServiceApp */,
				7C52EBD8292269CE000BE6D6 /* XPCService */,
				7C52EBBF29226955000BE6D6 /* Products */,
				7C52EBD02922698A000BE6D6 /* Frameworks */,
			);
			sourceTree = "<group>";
		};
		7C52EBBF29226955000BE6D6 /* Products */ = {
			isa = PBXGroup;
			children = (
				7C52EBBE29226955000BE6D6 /* XPCServiceApp.app */,
				7C52EBD7292269CE000BE6D6 /* XPCService.xpc */,
			);
			name = Products;
			sourceTree = "<group>";
		};
		7C52EBC029226955000BE6D6 /* XPCServiceApp */ = {
			isa = PBXGroup;
			children = (
				7C52EC1A292383E6000BE6D6 /* Common */,
				7C52EBC129226955000BE6D6 /* AppDelegate.swift */,
				7C52EBC329226955000BE6D6 /* ViewController.swift */,
				7C52EBC529226958000BE6D6 /* Assets.xcassets */,
				7C52EBC729226958000BE6D6 /* Main.storyboard */,
				7C52EBCA29226958000BE6D6 /* XPCServiceApp.entitlements */,
			);
			path = XPCServiceApp;
			sourceTree = "<group>";
		};
		7C52EBD02922698A000BE6D6 /* Frameworks */ = {
			isa = PBXGroup;
			children = (
				7C52EBE7292269F4000BE6D6 /* Foundation.framework */,
				7C52EBD12922698B000BE6D6 /* Cocoa.framework */,
			);
			name = Frameworks;
			sourceTree = "<group>";
		};
		7C52EBD8292269CE000BE6D6 /* XPCService */ = {
			isa = PBXGroup;
			children = (
				7C52EC2129238406000BE6D6 /* Common */,
				7C52EBDB292269CE000BE6D6 /* XPCService.swift */,
				7C52EBDD292269CE000BE6D6 /* main.swift */,
				7C5BC76C29242AA2006CD5B8 /* XPCService.entitlements */,
				7C52EBDF292269CE000BE6D6 /* Info.plist */,
			);
			path = XPCService;
			sourceTree = "<group>";
		};
		7C52EC1A292383E6000BE6D6 /* Common */ = {
			isa = PBXGroup;
			children = (
				7C52EC1D292383E6000BE6D6 /* FileItem.swift */,
				7C52EC1B292383E6000BE6D6 /* XPCServiceProtocol.swift */,
				7C52EC1C292383E6000BE6D6 /* ClientServiceProtocol.swift */,
			);
			path = Common;
			sourceTree = SOURCE_ROOT;
		};
		7C52EC2129238406000BE6D6 /* Common */ = {
			isa = PBXGroup;
			children = (
				7C52EC2429238406000BE6D6 /* FileItem.swift */,
				7C52EC2229238406000BE6D6 /* XPCServiceProtocol.swift */,
				7C52EC2329238406000BE6D6 /* ClientServiceProtocol.swift */,
			);
			path = Common;
			sourceTree = SOURCE_ROOT;
		};
/* End PBXGroup section */

/* Begin PBXNativeTarget section */
		7C52EBBD29226955000BE6D6 /* XPCServiceApp */ = {
			isa = PBXNativeTarget;
			buildConfigurationList = 7C52EBCD29226958000BE6D6 /* Build configuration list for PBXNativeTarget "XPCServiceApp" */;
			buildPhases = (
				7C52EBBA29226955000BE6D6 /* Sources */,
				7C52EBBB29226955000BE6D6 /* Frameworks */,
				7C52EBBC29226955000BE6D6 /* Resources */,
				7C52EBE6292269CE000BE6D6 /* Embed XPC Services */,
			);
			buildRules = (
			);
			dependencies = (
				7C52EBE1292269CE000BE6D6 /* PBXTargetDependency */,
			);
			name = XPCServiceApp;
			productName = XPCServiceApp;
			productReference = 7C52EBBE29226955000BE6D6 /* XPCServiceApp.app */;
			productType = "com.apple.product-type.application";
		};
		7C52EBD6292269CE000BE6D6 /* XPCService */ = {
			isa = PBXNativeTarget;
			buildConfigurationList = 7C52EBE3292269CE000BE6D6 /* Build configuration list for PBXNativeTarget "XPCService" */;
			buildPhases = (
				7C52EBD3292269CE000BE6D6 /* Sources */,
				7C52EBD4292269CE000BE6D6 /* Frameworks */,
				7C52EBD5292269CE000BE6D6 /* Resources */,
			);
			buildRules = (
			);
			dependencies = (
			);
			name = XPCService;
			productName = XPCService;
			productReference = 7C52EBD7292269CE000BE6D6 /* XPCService.xpc */;
			productType = "com.apple.product-type.xpc-service";
		};
/* End PBXNativeTarget section */

/* Begin PBXProject section */
		7C52EBB629226955000BE6D6 /* Project object */ = {
			isa = PBXProject;
			attributes = {
				BuildIndependentTargetsInParallel = 1;
				LastSwiftUpdateCheck = 1410;
				LastUpgradeCheck = 1410;
				TargetAttributes = {
					7C52EBBD29226955000BE6D6 = {
						CreatedOnToolsVersion = 14.1;
					};
					7C52EBD6292269CE000BE6D6 = {
						CreatedOnToolsVersion = 14.1;
					};
				};
			};
			buildConfigurationList = 7C52EBB929226955000BE6D6 /* Build configuration list for PBXProject "XPCServiceApp" */;
			compatibilityVersion = "Xcode 14.0";
			developmentRegion = en;
			hasScannedForEncodings = 0;
			knownRegions = (
				en,
				Base,
			);
			mainGroup = 7C52EBB529226955000BE6D6;
			productRefGroup = 7C52EBBF29226955000BE6D6 /* Products */;
			projectDirPath = "";
			projectRoot = "";
			targets = (
				7C52EBBD29226955000BE6D6 /* XPCServiceApp */,
				7C52EBD6292269CE000BE6D6 /* XPCService */,
			);
		};
/* End PBXProject section */

/* Begin PBXResourcesBuildPhase section */
		7C52EBBC29226955000BE6D6 /* Resources */ = {
			isa = PBXResourcesBuildPhase;
			buildActionMask = 2147483647;
			files = (
				7C52EBC629226958000BE6D6 /* Assets.xcassets in Resources */,
				7C52EBC929226958000BE6D6 /* Main.storyboard in Resources */,
			);
			runOnlyForDeploymentPostprocessing = 0;
		};
		7C52EBD5292269CE000BE6D6 /* Resources */ = {
			isa = PBXResourcesBuildPhase;
			buildActionMask = 2147483647;
			files = (
			);
			runOnlyForDeploymentPostprocessing = 0;
		};
/* End PBXResourcesBuildPhase section */

/* Begin PBXSourcesBuildPhase section */
		7C52EBBA29226955000BE6D6 /* Sources */ = {
			isa = PBXSourcesBuildPhase;
			buildActionMask = 2147483647;
			files = (
				7C52EC1F292383E6000BE6D6 /* ClientServiceProtocol.swift in Sources */,
				7C52EC20292383E6000BE6D6 /* FileItem.swift in Sources */,
				7C52EBC429226955000BE6D6 /* ViewController.swift in Sources */,
				7C52EC1E292383E6000BE6D6 /* XPCServiceProtocol.swift in Sources */,
				7C52EBC229226955000BE6D6 /* AppDelegate.swift in Sources */,
			);
			runOnlyForDeploymentPostprocessing = 0;
		};
		7C52EBD3292269CE000BE6D6 /* Sources */ = {
			isa = PBXSourcesBuildPhase;
			buildActionMask = 2147483647;
			files = (
				7C52EC2629238406000BE6D6 /* ClientServiceProtocol.swift in Sources */,
				7C52EC2729238406000BE6D6 /* FileItem.swift in Sources */,
				7C52EBDC292269CE000BE6D6 /* XPCService.swift in Sources */,
				7C52EC2529238406000BE6D6 /* XPCServiceProtocol.swift in Sources */,
				7C52EBDE292269CE000BE6D6 /* main.swift in Sources */,
			);
			runOnlyForDeploymentPostprocessing = 0;
		};
/* End PBXSourcesBuildPhase section */

/* Begin PBXTargetDependency section */
		7C52EBE1292269CE000BE6D6 /* PBXTargetDependency */ = {
			isa = PBXTargetDependency;
			target = 7C52EBD6292269CE000BE6D6 /* XPCService */;
			targetProxy = 7C52EBE0292269CE000BE6D6 /* PBXContainerItemProxy */;
		};
/* End PBXTargetDependency section */

/* Begin PBXVariantGroup section */
		7C52EBC729226958000BE6D6 /* Main.storyboard */ = {
			isa = PBXVariantGroup;
			children = (
				7C52EBC829226958000BE6D6 /* Base */,
			);
			name = Main.storyboard;
			sourceTree = "<group>";
		};
/* End PBXVariantGroup section */

/* Begin XCBuildConfiguration section */
		7C52EBCB29226958000BE6D6 /* Debug */ = {
			isa = XCBuildConfiguration;
			buildSettings = {
				ALWAYS_SEARCH_USER_PATHS = NO;
				CLANG_ANALYZER_NONNULL = YES;
				CLANG_ANALYZER_NUMBER_OBJECT_CONVERSION = YES_AGGRESSIVE;
				CLANG_CXX_LANGUAGE_STANDARD = "gnu++20";
				CLANG_ENABLE_MODULES = YES;
				CLANG_ENABLE_OBJC_ARC = YES;
				CLANG_ENABLE_OBJC_WEAK = YES;
				CLANG_WARN_BLOCK_CAPTURE_AUTORELEASING = YES;
				CLANG_WARN_BOOL_CONVERSION = YES;
				CLANG_WARN_COMMA = YES;
				CLANG_WARN_CONSTANT_CONVERSION = YES;
				CLANG_WARN_DEPRECATED_OBJC_IMPLEMENTATIONS = YES;
				CLANG_WARN_DIRECT_OBJC_ISA_USAGE = YES_ERROR;
				CLANG_WARN_DOCUMENTATION_COMMENTS = YES;
				CLANG_WARN_EMPTY_BODY = YES;
				CLANG_WARN_ENUM_CONVERSION = YES;
				CLANG_WARN_INFINITE_RECURSION = YES;
				CLANG_WARN_INT_CONVERSION = YES;
				CLANG_WARN_NON_LITERAL_NULL_CONVERSION = YES;
				CLANG_WARN_OBJC_IMPLICIT_RETAIN_SELF = YES;
				CLANG_WARN_OBJC_LITERAL_CONVERSION = YES;
				CLANG_WARN_OBJC_ROOT_CLASS = YES_ERROR;
				CLANG_WARN_QUOTED_INCLUDE_IN_FRAMEWORK_HEADER = YES;
				CLANG_WARN_RANGE_LOOP_ANALYSIS = YES;
				CLANG_WARN_STRICT_PROTOTYPES = YES;
				CLANG_WARN_SUSPICIOUS_MOVE = YES;
				CLANG_WARN_UNGUARDED_AVAILABILITY = YES_AGGRESSIVE;
				CLANG_WARN_UNREACHABLE_CODE = YES;
				CLANG_WARN__DUPLICATE_METHOD_MATCH = YES;
				COPY_PHASE_STRIP = NO;
				DEBUG_INFORMATION_FORMAT = dwarf;
				ENABLE_STRICT_OBJC_MSGSEND = YES;
				ENABLE_TESTABILITY = YES;
				GCC_C_LANGUAGE_STANDARD = gnu11;
				GCC_DYNAMIC_NO_PIC = NO;
				GCC_NO_COMMON_BLOCKS = YES;
				GCC_OPTIMIZATION_LEVEL = 0;
				GCC_PREPROCESSOR_DEFINITIONS = (
					"DEBUG=1",
					"$(inherited)",
				);
				GCC_WARN_64_TO_32_BIT_CONVERSION = YES;
				GCC_WARN_ABOUT_RETURN_TYPE = YES_ERROR;
				GCC_WARN_UNDECLARED_SELECTOR = YES;
				GCC_WARN_UNINITIALIZED_AUTOS = YES_AGGRESSIVE;
				GCC_WARN_UNUSED_FUNCTION = YES;
				GCC_WARN_UNUSED_VARIABLE = YES;
				MACOSX_DEPLOYMENT_TARGET = 10.14;
				MTL_ENABLE_DEBUG_INFO = INCLUDE_SOURCE;
				MTL_FAST_MATH = YES;
				ONLY_ACTIVE_ARCH = YES;
				SDKROOT = macosx;
				SWIFT_ACTIVE_COMPILATION_CONDITIONS = DEBUG;
				SWIFT_OPTIMIZATION_LEVEL = "-Onone";
			};
			name = Debug;
		};
		7C52EBCC29226958000BE6D6 /* Release */ = {
			isa = XCBuildConfiguration;
			buildSettings = {
				ALWAYS_SEARCH_USER_PATHS = NO;
				CLANG_ANALYZER_NONNULL = YES;
				CLANG_ANALYZER_NUMBER_OBJECT_CONVERSION = YES_AGGRESSIVE;
				CLANG_CXX_LANGUAGE_STANDARD = "gnu++20";
				CLANG_ENABLE_MODULES = YES;
				CLANG_ENABLE_OBJC_ARC = YES;
				CLANG_ENABLE_OBJC_WEAK = YES;
				CLANG_WARN_BLOCK_CAPTURE_AUTORELEASING = YES;
				CLANG_WARN_BOOL_CONVERSION = YES;
				CLANG_WARN_COMMA = YES;
				CLANG_WARN_CONSTANT_CONVERSION = YES;
				CLANG_WARN_DEPRECATED_OBJC_IMPLEMENTATIONS = YES;
				CLANG_WARN_DIRECT_OBJC_ISA_USAGE = YES_ERROR;
				CLANG_WARN_DOCUMENTATION_COMMENTS = YES;
				CLANG_WARN_EMPTY_BODY = YES;
				CLANG_WARN_ENUM_CONVERSION = YES;
				CLANG_WARN_INFINITE_RECURSION = YES;
				CLANG_WARN_INT_CONVERSION = YES;
				CLANG_WARN_NON_LITERAL_NULL_CONVERSION = YES;
				CLANG_WARN_OBJC_IMPLICIT_RETAIN_SELF = YES;
				CLANG_WARN_OBJC_LITERAL_CONVERSION = YES;
				CLANG_WARN_OBJC_ROOT_CLASS = YES_ERROR;
				CLANG_WARN_QUOTED_INCLUDE_IN_FRAMEWORK_HEADER = YES;
				CLANG_WARN_RANGE_LOOP_ANALYSIS = YES;
				CLANG_WARN_STRICT_PROTOTYPES = YES;
				CLANG_WARN_SUSPICIOUS_MOVE = YES;
				CLANG_WARN_UNGUARDED_AVAILABILITY = YES_AGGRESSIVE;
				CLANG_WARN_UNREACHABLE_CODE = YES;
				CLANG_WARN__DUPLICATE_METHOD_MATCH = YES;
				COPY_PHASE_STRIP = NO;
				DEBUG_INFORMATION_FORMAT = "dwarf-with-dsym";
				ENABLE_NS_ASSERTIONS = NO;
				ENABLE_STRICT_OBJC_MSGSEND = YES;
				GCC_C_LANGUAGE_STANDARD = gnu11;
				GCC_NO_COMMON_BLOCKS = YES;
				GCC_WARN_64_TO_32_BIT_CONVERSION = YES;
				GCC_WARN_ABOUT_RETURN_TYPE = YES_ERROR;
				GCC_WARN_UNDECLARED_SELECTOR = YES;
				GCC_WARN_UNINITIALIZED_AUTOS = YES_AGGRESSIVE;
				GCC_WARN_UNUSED_FUNCTION = YES;
				GCC_WARN_UNUSED_VARIABLE = YES;
				MACOSX_DEPLOYMENT_TARGET = 10.14;
				MTL_ENABLE_DEBUG_INFO = NO;
				MTL_FAST_MATH = YES;
				SDKROOT = macosx;
				SWIFT_COMPILATION_MODE = wholemodule;
				SWIFT_OPTIMIZATION_LEVEL = "-O";
			};
			name = Release;
		};
		7C52EBCE29226958000BE6D6 /* Debug */ = {
			isa = XCBuildConfiguration;
			buildSettings = {
				ALWAYS_EMBED_SWIFT_STANDARD_LIBRARIES = YES;
				ASSETCATALOG_COMPILER_APPICON_NAME = AppIcon;
				ASSETCATALOG_COMPILER_GLOBAL_ACCENT_COLOR_NAME = AccentColor;
				CODE_SIGN_ENTITLEMENTS = XPCServiceApp/XPCServiceApp.entitlements;
				"CODE_SIGN_IDENTITY[sdk=macosx*]" = "-";
				CODE_SIGN_STYLE = Automatic;
				COMBINE_HIDPI_IMAGES = YES;
				CURRENT_PROJECT_VERSION = 1;
				DEVELOPMENT_TEAM = 47788WWNZA;
				ENABLE_HARDENED_RUNTIME = YES;
				GENERATE_INFOPLIST_FILE = YES;
				INFOPLIST_KEY_NSHumanReadableCopyright = "";
				INFOPLIST_KEY_NSMainStoryboardFile = Main;
				INFOPLIST_KEY_NSPrincipalClass = NSApplication;
				LD_RUNPATH_SEARCH_PATHS = (
					"$(inherited)",
					"@executable_path/../Frameworks",
				);
				MACOSX_DEPLOYMENT_TARGET = 12.0;
				MARKETING_VERSION = 1.0.0;
				PRODUCT_BUNDLE_IDENTIFIER = com.mac.uhara.XPCServiceApp;
				PRODUCT_NAME = "$(TARGET_NAME)";
				SWIFT_EMIT_LOC_STRINGS = YES;
				SWIFT_VERSION = 6.0;
			};
			name = Debug;
		};
		7C52EBCF29226958000BE6D6 /* Release */ = {
			isa = XCBuildConfiguration;
			buildSettings = {
				ALWAYS_EMBED_SWIFT_STANDARD_LIBRARIES = YES;
				ASSETCATALOG_COMPILER_APPICON_NAME = AppIcon;
				ASSETCATALOG_COMPILER_GLOBAL_ACCENT_COLOR_NAME = AccentColor;
				CODE_SIGN_ENTITLEMENTS = XPCServiceApp/XPCServiceApp.entitlements;
				"CODE_SIGN_IDENTITY[sdk=macosx*]" = "-";
				CODE_SIGN_STYLE = Automatic;
				COMBINE_HIDPI_IMAGES = YES;
				CURRENT_PROJECT_VERSION = 1;
				DEVELOPMENT_TEAM = 47788WWNZA;
				ENABLE_HARDENED_RUNTIME = YES;
				GENERATE_INFOPLIST_FILE = YES;
				INFOPLIST_KEY_NSHumanReadableCopyright = "";
				INFOPLIST_KEY_NSMainStoryboardFile = Main;
				INFOPLIST_KEY_NSPrincipalClass = NSApplication;
				LD_RUNPATH_SEARCH_PATHS = (
					"$(inherited)",
					"@executable_path/../Frameworks",
				);
				MACOSX_DEPLOYMENT_TARGET = 12.0;
				MARKETING_VERSION = 1.0.0;
				PRODUCT_BUNDLE_IDENTIFIER = com.mac.uhara.XPCServiceApp;
				PRODUCT_NAME = "$(TARGET_NAME)";
				SWIFT_EMIT_LOC_STRINGS = YES;
				SWIFT_VERSION = 6.0;
			};
			name = Release;
		};
		7C52EBE4292269CE000BE6D6 /* Debug */ = {
			isa = XCBuildConfiguration;
			buildSettings = {
				CODE_SIGN_ENTITLEMENTS = XPCService/XPCService.entitlements;
				"CODE_SIGN_IDENTITY[sdk=macosx*]" = "-";
				CODE_SIGN_STYLE = Automatic;
				COMBINE_HIDPI_IMAGES = YES;
				CURRENT_PROJECT_VERSION = 1;
				DEVELOPMENT_TEAM = 47788WWNZA;
				ENABLE_HARDENED_RUNTIME = YES;
				GENERATE_INFOPLIST_FILE = YES;
				INFOPLIST_FILE = XPCService/Info.plist;
				INFOPLIST_KEY_CFBundleDisplayName = XPCService;
				INFOPLIST_KEY_NSHumanReadableCopyright = "";
				MACOSX_DEPLOYMENT_TARGET = 12.0;
				MARKETING_VERSION = 1.0.0;
				PRODUCT_BUNDLE_IDENTIFIER = com.mac.uhara.XPCService;
				PRODUCT_NAME = "$(TARGET_NAME)";
				SKIP_INSTALL = YES;
				SWIFT_EMIT_LOC_STRINGS = YES;
				SWIFT_VERSION = 6.0;
			};
			name = Debug;
		};
		7C52EBE5292269CE000BE6D6 /* Release */ = {
			isa = XCBuildConfiguration;
			buildSettings = {
				CODE_SIGN_ENTITLEMENTS = XPCService/XPCService.entitlements;
				"CODE_SIGN_IDENTITY[sdk=macosx*]" = "-";
				CODE_SIGN_STYLE = Automatic;
				COMBINE_HIDPI_IMAGES = YES;
				CURRENT_PROJECT_VERSION = 1;
				DEVELOPMENT_TEAM = 47788WWNZA;
				ENABLE_HARDENED_RUNTIME = YES;
				GENERATE_INFOPLIST_FILE = YES;
				INFOPLIST_FILE = XPCService/Info.plist;
				INFOPLIST_KEY_CFBundleDisplayName = XPCService;
				INFOPLIST_KEY_NSHumanReadableCopyright = "";
				MACOSX_DEPLOYMENT_TARGET = 12.0;
				MARKETING_VERSION = 1.0.0;
				PRODUCT_BUNDLE_IDENTIFIER = com.mac.uhara.XPCService;
				PRODUCT_NAME = "$(TARGET_NAME)";
				SKIP_INSTALL = YES;
				SWIFT_EMIT_LOC_STRINGS = YES;
				SWIFT_VERSION = 6.0;
			};
			name = Release;
		};
/* End XCBuildConfiguration section */

/* Begin XCConfigurationList section */
		7C52EBB929226955000BE6D6 /* Build configuration list for PBXProject "XPCServiceApp" */ = {
			isa = XCConfigurationList;
			buildConfigurations = (
				7C52EBCB29226958000BE6D6 /* Debug */,
				7C52EBCC29226958000BE6D6 /* Release */,
			);
			defaultConfigurationIsVisible = 0;
			defaultConfigurationName = Release;
		};
		7C52EBCD29226958000BE6D6 /* Build configuration list for PBXNativeTarget "XPCServiceApp" */ = {
			isa = XCConfigurationList;
			buildConfigurations = (
				7C52EBCE29226958000BE6D6 /* Debug */,
				7C52EBCF29226958000BE6D6 /* Release */,
			);
			defaultConfigurationIsVisible = 0;
			defaultConfigurationName = Release;
		};
		7C52EBE3292269CE000BE6D6 /* Build configuration list for PBXNativeTarget "XPCService" */ = {
			isa = XCConfigurationList;
			buildConfigurations = (
				7C52EBE4292269CE000BE6D6 /* Debug */,
				7C52EBE5292269CE000BE6D6 /* Release */,
			);
			defaultConfigurationIsVisible = 0;
			defaultConfigurationName = Release;
		};
/* End XCConfigurationList section */
	};
	rootObject = 7C52EBB629226955000BE6D6 /* Project object */;
}
